// !$*UTF8*$!
{
	archiveVersion = 1;
	classes = {
	};
	objectVersion = 46;
	objects = {

/* Begin PBXBuildFile section */
		05AAF19C1786AF5900B26C25 /* UIKit.framework in Frameworks */ = {isa = PBXBuildFile; fileRef = 05AAF19B1786AF5900B26C25 /* UIKit.framework */; };
		05AAF19E1786AF5900B26C25 /* Foundation.framework in Frameworks */ = {isa = PBXBuildFile; fileRef = 05AAF19D1786AF5900B26C25 /* Foundation.framework */; };
		05AAF1A01786AF5900B26C25 /* CoreGraphics.framework in Frameworks */ = {isa = PBXBuildFile; fileRef = 05AAF19F1786AF5900B26C25 /* CoreGraphics.framework */; };
		05AAF1A61786AF5900B26C25 /* InfoPlist.strings in Resources */ = {isa = PBXBuildFile; fileRef = 05AAF1A41786AF5900B26C25 /* InfoPlist.strings */; };
		05AAF1A81786AF5900B26C25 /* main.m in Sources */ = {isa = PBXBuildFile; fileRef = 05AAF1A71786AF5900B26C25 /* main.m */; };
		05AAF1AC1786AF5900B26C25 /* EmptyAppDelegate.m in Sources */ = {isa = PBXBuildFile; fileRef = 05AAF1AB1786AF5900B26C25 /* EmptyAppDelegate.m */; };
		05AAF1AE1786AF5900B26C25 /* Default.png in Resources */ = {isa = PBXBuildFile; fileRef = 05AAF1AD1786AF5900B26C25 /* Default.png */; };
		05AAF1B01786AF5900B26C25 /* Default@2x.png in Resources */ = {isa = PBXBuildFile; fileRef = 05AAF1AF1786AF5900B26C25 /* Default@2x.png */; };
		05AAF1B21786AF5900B26C25 /* Default-568h@2x.png in Resources */ = {isa = PBXBuildFile; fileRef = 05AAF1B11786AF5900B26C25 /* Default-568h@2x.png */; };
/* End PBXBuildFile section */

/* Begin PBXFileReference section */
		05AAF1981786AF5900B26C25 /* Empty Project.app */ = {isa = PBXFileReference; explicitFileType = wrapper.application; includeInIndex = 0; path = "Empty Project.app"; sourceTree = BUILT_PRODUCTS_DIR; };
		05AAF19B1786AF5900B26C25 /* UIKit.framework */ = {isa = PBXFileReference; lastKnownFileType = wrapper.framework; name = UIKit.framework; path = System/Library/Frameworks/UIKit.framework; sourceTree = SDKROOT; };
		05AAF19D1786AF5900B26C25 /* Foundation.framework */ = {isa = PBXFileReference; lastKnownFileType = wrapper.framework; name = Foundation.framework; path = System/Library/Frameworks/Foundation.framework; sourceTree = SDKROOT; };
		05AAF19F1786AF5900B26C25 /* CoreGraphics.framework */ = {isa = PBXFileReference; lastKnownFileType = wrapper.framework; name = CoreGraphics.framework; path = System/Library/Frameworks/CoreGraphics.framework; sourceTree = SDKROOT; };
		05AAF1A31786AF5900B26C25 /* Empty Project-Info.plist */ = {isa = PBXFileReference; lastKnownFileType = text.plist.xml; path = "Empty Project-Info.plist"; sourceTree = "<group>"; };
		05AAF1A51786AF5900B26C25 /* en */ = {isa = PBXFileReference; lastKnownFileType = text.plist.strings; name = en; path = en.lproj/InfoPlist.strings; sourceTree = "<group>"; };
		05AAF1A71786AF5900B26C25 /* main.m */ = {isa = PBXFileReference; lastKnownFileType = sourcecode.c.objc; path = main.m; sourceTree = "<group>"; };
		05AAF1A91786AF5900B26C25 /* Empty Project-Prefix.pch */ = {isa = PBXFileReference; lastKnownFileType = sourcecode.c.h; path = "Empty Project-Prefix.pch"; sourceTree = "<group>"; };
		05AAF1AA1786AF5900B26C25 /* EmptyAppDelegate.h */ = {isa = PBXFileReference; lastKnownFileType = sourcecode.c.h; path = EmptyAppDelegate.h; sourceTree = "<group>"; };
		05AAF1AB1786AF5900B26C25 /* EmptyAppDelegate.m */ = {isa = PBXFileReference; lastKnownFileType = sourcecode.c.objc; path = EmptyAppDelegate.m; sourceTree = "<group>"; };
		05AAF1AD1786AF5900B26C25 /* Default.png */ = {isa = PBXFileReference; lastKnownFileType = image.png; path = Default.png; sourceTree = "<group>"; };
		05AAF1AF1786AF5900B26C25 /* Default@2x.png */ = {isa = PBXFileReference; lastKnownFileType = image.png; path = "Default@2x.png"; sourceTree = "<group>"; };
		05AAF1B11786AF5900B26C25 /* Default-568h@2x.png */ = {isa = PBXFileReference; lastKnownFileType = image.png; path = "Default-568h@2x.png"; sourceTree = "<group>"; };
/* End PBXFileReference section */

/* Begin PBXFrameworksBuildPhase section */
		05AAF1951786AF5900B26C25 /* Frameworks */ = {
			isa = PBXFrameworksBuildPhase;
			buildActionMask = 2147483647;
			files = (
				05AAF19C1786AF5900B26C25 /* UIKit.framework in Frameworks */,
				05AAF19E1786AF5900B26C25 /* Foundation.framework in Frameworks */,
				05AAF1A01786AF5900B26C25 /* CoreGraphics.framework in Frameworks */,
			);
			runOnlyForDeploymentPostprocessing = 0;
		};
/* End PBXFrameworksBuildPhase section */

/* Begin PBXGroup section */
		05AAF18F1786AF5900B26C25 = {
			isa = PBXGroup;
			children = (
				05AAF1A11786AF5900B26C25 /* Empty Project */,
				05AAF19A1786AF5900B26C25 /* Frameworks */,
				05AAF1991786AF5900B26C25 /* Products */,
			);
			sourceTree = "<group>";
		};
		05AAF1991786AF5900B26C25 /* Products */ = {
			isa = PBXGroup;
			children = (
				05AAF1981786AF5900B26C25 /* Empty Project.app */,
			);
			name = Products;
			sourceTree = "<group>";
		};
		05AAF19A1786AF5900B26C25 /* Frameworks */ = {
			isa = PBXGroup;
			children = (
				05AAF19B1786AF5900B26C25 /* UIKit.framework */,
				05AAF19D1786AF5900B26C25 /* Foundation.framework */,
				05AAF19F1786AF5900B26C25 /* CoreGraphics.framework */,
			);
			name = Frameworks;
			sourceTree = "<group>";
		};
		05AAF1A11786AF5900B26C25 /* Empty Project */ = {
			isa = PBXGroup;
			children = (
				05AAF1AA1786AF5900B26C25 /* EmptyAppDelegate.h */,
				05AAF1AB1786AF5900B26C25 /* EmptyAppDelegate.m */,
				05AAF1A21786AF5900B26C25 /* Supporting Files */,
			);
			path = "Empty Project";
			sourceTree = "<group>";
		};
		05AAF1A21786AF5900B26C25 /* Supporting Files */ = {
			isa = PBXGroup;
			children = (
				05AAF1A31786AF5900B26C25 /* Empty Project-Info.plist */,
				05AAF1A41786AF5900B26C25 /* InfoPlist.strings */,
				05AAF1A71786AF5900B26C25 /* main.m */,
				05AAF1A91786AF5900B26C25 /* Empty Project-Prefix.pch */,
				05AAF1AD1786AF5900B26C25 /* Default.png */,
				05AAF1AF1786AF5900B26C25 /* Default@2x.png */,
				05AAF1B11786AF5900B26C25 /* Default-568h@2x.png */,
			);
			name = "Supporting Files";
			sourceTree = "<group>";
		};
/* End PBXGroup section */

/* Begin PBXNativeTarget section */
		05AAF1971786AF5900B26C25 /* Empty Project */ = {
			isa = PBXNativeTarget;
			buildConfigurationList = 05AAF1B51786AF5900B26C25 /* Build configuration list for PBXNativeTarget "Empty Project" */;
			buildPhases = (
				05AAF1941786AF5900B26C25 /* Sources */,
				05AAF1951786AF5900B26C25 /* Frameworks */,
				05AAF1961786AF5900B26C25 /* Resources */,
			);
			buildRules = (
			);
			dependencies = (
			);
			name = "Empty Project";
			productName = "Empty Project";
			productReference = 05AAF1981786AF5900B26C25 /* Empty Project.app */;
			productType = "com.apple.product-type.application";
		};
/* End PBXNativeTarget section */

/* Begin PBXProject section */
		05AAF1901786AF5900B26C25 /* Project object */ = {
			isa = PBXProject;
			attributes = {
				CLASSPREFIX = Empty;
				LastUpgradeCheck = 0460;
				ORGANIZATIONNAME = "Alliance Port, LLC";
			};
			buildConfigurationList = 05AAF1931786AF5900B26C25 /* Build configuration list for PBXProject "Empty Project" */;
			compatibilityVersion = "Xcode 3.2";
			developmentRegion = English;
			hasScannedForEncodings = 0;
			knownRegions = (
				en,
			);
			mainGroup = 05AAF18F1786AF5900B26C25;
			productRefGroup = 05AAF1991786AF5900B26C25 /* Products */;
			projectDirPath = "";
			projectRoot = "";
			targets = (
				05AAF1971786AF5900B26C25 /* Empty Project */,
			);
		};
/* End PBXProject section */

/* Begin PBXResourcesBuildPhase section */
		05AAF1961786AF5900B26C25 /* Resources */ = {
			isa = PBXResourcesBuildPhase;
			buildActionMask = 2147483647;
			files = (
				05AAF1A61786AF5900B26C25 /* InfoPlist.strings in Resources */,
				05AAF1AE1786AF5900B26C25 /* Default.png in Resources */,
				05AAF1B01786AF5900B26C25 /* Default@2x.png in Resources */,
				05AAF1B21786AF5900B26C25 /* Default-568h@2x.png in Resources */,
			);
			runOnlyForDeploymentPostprocessing = 0;
		};
/* End PBXResourcesBuildPhase section */

/* Begin PBXSourcesBuildPhase section */
		05AAF1941786AF5900B26C25 /* Sources */ = {
			isa = PBXSourcesBuildPhase;
			buildActionMask = 2147483647;
			files = (
				05AAF1A81786AF5900B26C25 /* main.m in Sources */,
				05AAF1AC1786AF5900B26C25 /* EmptyAppDelegate.m in Sources */,
			);
			runOnlyForDeploymentPostprocessing = 0;
		};
/* End PBXSourcesBuildPhase section */

/* Begin PBXVariantGroup section */
		05AAF1A41786AF5900B26C25 /* InfoPlist.strings */ = {
			isa = PBXVariantGroup;
			children = (
				05AAF1A51786AF5900B26C25 /* en */,
			);
			name = InfoPlist.strings;
			sourceTree = "<group>";
		};
/* End PBXVariantGroup section */

/* Begin XCBuildConfiguration section */
		05AAF1B31786AF5900B26C25 /* Debug */ = {
			isa = XCBuildConfiguration;
			buildSettings = {
				ALWAYS_SEARCH_USER_PATHS = NO;
				CLANG_CXX_LANGUAGE_STANDARD = "gnu++0x";
				CLANG_CXX_LIBRARY = "libc++";
				CLANG_WARN_CONSTANT_CONVERSION = YES;
				CLANG_WARN_EMPTY_BODY = YES;
				CLANG_WARN_ENUM_CONVERSION = YES;
				CLANG_WARN_INT_CONVERSION = YES;
				CLANG_WARN__DUPLICATE_METHOD_MATCH = YES;
				"CODE_SIGN_IDENTITY[sdk=iphoneos*]" = "iPhone Developer";
				COPY_PHASE_STRIP = NO;
				GCC_C_LANGUAGE_STANDARD = gnu99;
				GCC_DYNAMIC_NO_PIC = NO;
				GCC_OPTIMIZATION_LEVEL = 0;
				GCC_PREPROCESSOR_DEFINITIONS = (
					"DEBUG=1",
					"$(inherited)",
				);
				GCC_SYMBOLS_PRIVATE_EXTERN = NO;
				GCC_WARN_ABOUT_RETURN_TYPE = YES;
				GCC_WARN_UNINITIALIZED_AUTOS = YES;
				GCC_WARN_UNUSED_VARIABLE = YES;
				IPHONEOS_DEPLOYMENT_TARGET = 6.1;
				ONLY_ACTIVE_ARCH = YES;
				SDKROOT = iphoneos;
			};
			name = Debug;
		};
		05AAF1B41786AF5900B26C25 /* Release */ = {
			isa = XCBuildConfiguration;
			buildSettings = {
				ALWAYS_SEARCH_USER_PATHS = NO;
				CLANG_CXX_LANGUAGE_STANDARD = "gnu++0x";
				CLANG_CXX_LIBRARY = "libc++";
				CLANG_WARN_CONSTANT_CONVERSION = YES;
				CLANG_WARN_EMPTY_BODY = YES;
				CLANG_WARN_ENUM_CONVERSION = YES;
				CLANG_WARN_INT_CONVERSION = YES;
				CLANG_WARN__DUPLICATE_METHOD_MATCH = YES;
				"CODE_SIGN_IDENTITY[sdk=iphoneos*]" = "iPhone Developer";
				COPY_PHASE_STRIP = YES;
				GCC_C_LANGUAGE_STANDARD = gnu99;
				GCC_WARN_ABOUT_RETURN_TYPE = YES;
				GCC_WARN_UNINITIALIZED_AUTOS = YES;
				GCC_WARN_UNUSED_VARIABLE = YES;
				IPHONEOS_DEPLOYMENT_TARGET = 6.1;
				OTHER_CFLAGS = "-DNS_BLOCK_ASSERTIONS=1";
				SDKROOT = iphoneos;
				VALIDATE_PRODUCT = YES;
			};
			name = Release;
		};
		05AAF1B61786AF5900B26C25 /* Debug */ = {
			isa = XCBuildConfiguration;
			buildSettings = {
				GCC_PRECOMPILE_PREFIX_HEADER = YES;
				GCC_PREFIX_HEADER = "Empty Project/Empty Project-Prefix.pch";
				INFOPLIST_FILE = "Empty Project/Empty Project-Info.plist";
				PRODUCT_NAME = "$(TARGET_NAME)";
				WRAPPER_EXTENSION = app;
			};
			name = Debug;
		};
		05AAF1B71786AF5900B26C25 /* Release */ = {
			isa = XCBuildConfiguration;
			buildSettings = {
				GCC_PRECOMPILE_PREFIX_HEADER = YES;
				GCC_PREFIX_HEADER = "Empty Project/Empty Project-Prefix.pch";
				INFOPLIST_FILE = "Empty Project/Empty Project-Info.plist";
				PRODUCT_NAME = "$(TARGET_NAME)";
				WRAPPER_EXTENSION = app;
			};
			name = Release;
		};
/* End XCBuildConfiguration section */

/* Begin XCConfigurationList section */
		05AAF1931786AF5900B26C25 /* Build configuration list for PBXProject "Empty Project" */ = {
			isa = XCConfigurationList;
			buildConfigurations = (
				05AAF1B31786AF5900B26C25 /* Debug */,
				05AAF1B41786AF5900B26C25 /* Release */,
			);
			defaultConfigurationIsVisible = 0;
			defaultConfigurationName = Release;
		};
		05AAF1B51786AF5900B26C25 /* Build configuration list for PBXNativeTarget "Empty Project" */ = {
			isa = XCConfigurationList;
			buildConfigurations = (
				05AAF1B61786AF5900B26C25 /* Debug */,
				05AAF1B71786AF5900B26C25 /* Release */,
			);
			defaultConfigurationIsVisible = 0;
		};
/* End XCConfigurationList section */
	};
	rootObject = 05AAF1901786AF5900B26C25 /* Project object */;
}
